<?xml version="1.0" encoding="UTF-8" standalone="yes" ?>
<CodeBlocks_project_file>
	<FileVersion major="1" minor="6" />
	<Project>
		<Option title="zallods" />
		<Option pch_mode="2" />
		<Option compiler="gcc" />
		<Build>
			<Target title="Debug">
				<Option platforms="Unix;Mac;" />
				<Option output="bin/Debug/zallods" prefix_auto="1" extension_auto="0" />
				<Option object_output="obj/Debug/" />
				<Option type="1" />
				<Option compiler="gcc" />
				<Compiler>
					<Add option="-g" />
				</Compiler>
			</Target>
			<Target title="Release">
				<Option platforms="Unix;Mac;" />
				<Option output="bin/Release/zallods" prefix_auto="1" extension_auto="0" />
				<Option object_output="obj/Release/" />
				<Option type="1" />
				<Option compiler="gcc" />
				<Compiler>
					<Add option="-O2" />
				</Compiler>
				<Linker>
					<Add option="-s" />
				</Linker>
			</Target>
			<Target title="Debug (Win32)">
				<Option platforms="Windows;" />
				<Option output="bin/Debug/zallods" prefix_auto="1" extension_auto="1" />
				<Option object_output="obj/Debug/" />
				<Option type="1" />
				<Option compiler="gcc" />
				<Option projectLinkerOptionsRelation="1" />
				<Compiler>
					<Add option="-g" />
				</Compiler>
				<Linker>
					<Add option="-mwindows" />
					<Add library="mingw32" />
					<Add library="SDLmain" />
					<Add library="SDL" />
				</Linker>
			</Target>
			<Target title="Release (Win32)">
				<Option platforms="Windows;" />
				<Option output="bin/Release/zallods" prefix_auto="1" extension_auto="1" />
				<Option object_output="obj/Release/" />
				<Option type="1" />
				<Option compiler="gcc" />
				<Compiler>
					<Add option="-O2" />
				</Compiler>
				<Linker>
					<Add option="-s" />
					<Add option="-mwindows" />
					<Add library="mingw32" />
					<Add library="SDLmain" />
					<Add library="SDL" />
				</Linker>
			</Target>
		</Build>
		<Compiler>
			<Add option="-Wall" />
			<Add option="`sdl-config --cflags`" />
			<Add directory="." />
		</Compiler>
		<Linker>
			<Add option="`sdl-config --libs`" />
		</Linker>
		<Unit filename="String.cpp" />
		<Unit filename="String.h" />
		<Unit filename="c_main.cpp" />
		<Unit filename="c_main.h" />
		<Unit filename="f_16.cpp" />
		<Unit filename="f_16.h" />
		<Unit filename="f_16a.cpp" />
		<Unit filename="f_16a.h" />
		<Unit filename="f_256.cpp" />
		<Unit filename="f_256.h" />
		<Unit filename="f_bmp.cpp" />
		<Unit filename="f_bmp.h" />
		<Unit filename="f_file.cpp" />
		<Unit filename="f_file.h" />
		<Unit filename="f_font.cpp" />
		<Unit filename="f_font.h" />
		<Unit filename="f_main.cpp" />
		<Unit filename="f_main.h" />
		<Unit filename="f_sprite.cpp" />
		<Unit filename="f_sprite.h" />
		<Unit filename="g_event.cpp" />
		<Unit filename="g_event.h" />
		<Unit filename="g_locale.cpp" />
		<Unit filename="g_locale.h" />
		<Unit filename="g_main.cpp" />
		<Unit filename="g_main.h" />
		<Unit filename="g_screen.cpp" />
		<Unit filename="g_screen.h" />
		<Unit filename="g_wm.cpp" />
		<Unit filename="g_wm.h" />
		<Unit filename="g_wmex.cpp" />
		<Unit filename="g_wmex.h" />
		<Unit filename="main.cpp" />
		<Unit filename="main.h" />
		<Unit filename="r_blur.cpp" />
		<Unit filename="r_blur.h" />
		<Unit filename="r_main.cpp" />
		<Unit filename="r_main.h" />
		<Unit filename="r_mouse.cpp" />
		<Unit filename="r_mouse.h" />
		<Unit filename="screens/MainMenu.cpp" />
		<Unit filename="screens/MainMenu.h" />
		<Unit filename="utils.cpp" />
		<Unit filename="utils.h" />
		<Unit filename="v_main.cpp" />
		<Unit filename="v_main.h" />
		<Extensions>
			<code_completion />
			<debugger />
			<envvars />
		</Extensions>
	</Project>
</CodeBlocks_project_file>
